
Microsoft Visual Studio Solution File, Format Version 12.00
# Visual Studio Version 16
VisualStudioVersion = 16.0.29709.97
MinimumVisualStudioVersion = 10.0.40219.1
Project("{FAE04EC0-301F-11D3-BF4B-00C04F79EFBC}") = "CoronaApi", "CoronaApi\CoronaApi.csproj", "{5069D7F0-6C51-4B98-8587-ED10410537FF}"
EndProject
Global
	GlobalSection(SolutionConfigurationPlatforms) = preSolution
		Debug|Any CPU = Debug|Any CPU
		Release|Any CPU = Release|Any CPU
	EndGlobalSection
	GlobalSection(ProjectConfigurationPlatforms) = postSolution
		{5069D7F0-6C51-4B98-8587-ED10410537FF}.Debug|Any CPU.ActiveCfg = Debug|Any CPU
		{5069D7F0-6C51-4B98-8587-ED10410537FF}.Debug|Any CPU.Build.0 = Debug|Any CPU
		{5069D7F0-6C51-4B98-8587-ED10410537FF}.Release|Any CPU.ActiveCfg = Release|Any CPU
		{5069D7F0-6C51-4B98-8587-ED10410537FF}.Release|Any CPU.Build.0 = Release|Any CPU
	EndGlobalSection
	GlobalSection(SolutionProperties) = preSolution
		HideSolutionNode = FALSE
	EndGlobalSection
	GlobalSection(ExtensibilityGlobals) = postSolution
		SolutionGuid = {198B9389-AAA1-4026-AD76-928F37C5A2DE}
	EndGlobalSection
EndGlobal
